
Microsoft Visual Studio Solution File, Format Version 12.00
# Visual Studio Version 16
VisualStudioVersion = 16.0.31402.337
MinimumVisualStudioVersion = 10.0.40219.1
Project("{FAE04EC0-301F-11D3-BF4B-00C04F79EFBC}") = "CarDelegateMethodGroupConversion", "CarDelegateMethodGroupConversion\CarDelegateMethodGroupConversion.csproj", "{76A07D38-A20D-4DF4-B400-55E85667CD3A}"
EndProject
Global
	GlobalSection(SolutionConfigurationPlatforms) = preSolution
		Debug|Any CPU = Debug|Any CPU
		Release|Any CPU = Release|Any CPU
	EndGlobalSection
	GlobalSection(ProjectConfigurationPlatforms) = postSolution
		{76A07D38-A20D-4DF4-B400-55E85667CD3A}.Debug|Any CPU.ActiveCfg = Debug|Any CPU
		{76A07D38-A20D-4DF4-B400-55E85667CD3A}.Debug|Any CPU.Build.0 = Debug|Any CPU
		{76A07D38-A20D-4DF4-B400-55E85667CD3A}.Release|Any CPU.ActiveCfg = Release|Any CPU
		{76A07D38-A20D-4DF4-B400-55E85667CD3A}.Release|Any CPU.Build.0 = Release|Any CPU
	EndGlobalSection
	GlobalSection(SolutionProperties) = preSolution
		HideSolutionNode = FALSE
	EndGlobalSection
	GlobalSection(ExtensibilityGlobals) = postSolution
		SolutionGuid = {D481B5F1-2D0C-42F6-818D-3F2AC701D914}
	EndGlobalSection
EndGlobal
