
Microsoft Visual Studio Solution File, Format Version 12.00
# Visual Studio Version 16
VisualStudioVersion = 16.0.31402.337
MinimumVisualStudioVersion = 10.0.40219.1
Project("{FAE04EC0-301F-11D3-BF4B-00C04F79EFBC}") = "PublicDelegateProblem", "PublicDelegateProblem.csproj", "{195D77D4-2FB3-462E-8BAF-8CE25C5AC1EC}"
EndProject
Global
	GlobalSection(SolutionConfigurationPlatforms) = preSolution
		Debug|Any CPU = Debug|Any CPU
		Release|Any CPU = Release|Any CPU
	EndGlobalSection
	GlobalSection(ProjectConfigurationPlatforms) = postSolution
		{195D77D4-2FB3-462E-8BAF-8CE25C5AC1EC}.Debug|Any CPU.ActiveCfg = Debug|Any CPU
		{195D77D4-2FB3-462E-8BAF-8CE25C5AC1EC}.Debug|Any CPU.Build.0 = Debug|Any CPU
		{195D77D4-2FB3-462E-8BAF-8CE25C5AC1EC}.Release|Any CPU.ActiveCfg = Release|Any CPU
		{195D77D4-2FB3-462E-8BAF-8CE25C5AC1EC}.Release|Any CPU.Build.0 = Release|Any CPU
	EndGlobalSection
	GlobalSection(SolutionProperties) = preSolution
		HideSolutionNode = FALSE
	EndGlobalSection
	GlobalSection(ExtensibilityGlobals) = postSolution
		SolutionGuid = {EAC77F52-66D4-4D2C-AF24-3665C8E7FCBB}
	EndGlobalSection
EndGlobal
