
Microsoft Visual Studio Solution File, Format Version 12.00
# Visual Studio Version 16
VisualStudioVersion = 16.0.31402.337
MinimumVisualStudioVersion = 10.0.40219.1
Project("{FAE04EC0-301F-11D3-BF4B-00C04F79EFBC}") = "ExtensionMethods", "ExtensionMethods.csproj", "{83CFCE63-9300-426A-B190-A27FBA8C9DD2}"
EndProject
Global
	GlobalSection(SolutionConfigurationPlatforms) = preSolution
		Debug|Any CPU = Debug|Any CPU
		Release|Any CPU = Release|Any CPU
	EndGlobalSection
	GlobalSection(ProjectConfigurationPlatforms) = postSolution
		{83CFCE63-9300-426A-B190-A27FBA8C9DD2}.Debug|Any CPU.ActiveCfg = Debug|Any CPU
		{83CFCE63-9300-426A-B190-A27FBA8C9DD2}.Debug|Any CPU.Build.0 = Debug|Any CPU
		{83CFCE63-9300-426A-B190-A27FBA8C9DD2}.Release|Any CPU.ActiveCfg = Release|Any CPU
		{83CFCE63-9300-426A-B190-A27FBA8C9DD2}.Release|Any CPU.Build.0 = Release|Any CPU
	EndGlobalSection
	GlobalSection(SolutionProperties) = preSolution
		HideSolutionNode = FALSE
	EndGlobalSection
	GlobalSection(ExtensibilityGlobals) = postSolution
		SolutionGuid = {99699EF1-4D51-48B7-86B9-208289503A5D}
	EndGlobalSection
EndGlobal
