
Microsoft Visual Studio Solution File, Format Version 12.00
# Visual Studio Version 16
VisualStudioVersion = 16.0.31205.134
MinimumVisualStudioVersion = 10.0.40219.1
Project("{FAE04EC0-301F-11D3-BF4B-00C04F79EFBC}") = "FunWithString", "FunWithString.csproj", "{C63360B6-48F2-4B88-9C67-47D020E47960}"
EndProject
Global
	GlobalSection(SolutionConfigurationPlatforms) = preSolution
		Debug|Any CPU = Debug|Any CPU
		Release|Any CPU = Release|Any CPU
	EndGlobalSection
	GlobalSection(ProjectConfigurationPlatforms) = postSolution
		{C63360B6-48F2-4B88-9C67-47D020E47960}.Debug|Any CPU.ActiveCfg = Debug|Any CPU
		{C63360B6-48F2-4B88-9C67-47D020E47960}.Debug|Any CPU.Build.0 = Debug|Any CPU
		{C63360B6-48F2-4B88-9C67-47D020E47960}.Release|Any CPU.ActiveCfg = Release|Any CPU
		{C63360B6-48F2-4B88-9C67-47D020E47960}.Release|Any CPU.Build.0 = Release|Any CPU
	EndGlobalSection
	GlobalSection(SolutionProperties) = preSolution
		HideSolutionNode = FALSE
	EndGlobalSection
	GlobalSection(ExtensibilityGlobals) = postSolution
		SolutionGuid = {29110AF6-A7B1-42E1-B5BA-E98D711A171F}
	EndGlobalSection
EndGlobal
