
Microsoft Visual Studio Solution File, Format Version 12.00
# Visual Studio Version 16
VisualStudioVersion = 16.0.31229.75
MinimumVisualStudioVersion = 10.0.40219.1
Project("{FAE04EC0-301F-11D3-BF4B-00C04F79EFBC}") = "BasicInheritance", "BasicInheritance.csproj", "{51450F53-D1BF-48D9-8281-C06B4779F482}"
EndProject
Global
	GlobalSection(SolutionConfigurationPlatforms) = preSolution
		Debug|Any CPU = Debug|Any CPU
		Release|Any CPU = Release|Any CPU
	EndGlobalSection
	GlobalSection(ProjectConfigurationPlatforms) = postSolution
		{51450F53-D1BF-48D9-8281-C06B4779F482}.Debug|Any CPU.ActiveCfg = Debug|Any CPU
		{51450F53-D1BF-48D9-8281-C06B4779F482}.Debug|Any CPU.Build.0 = Debug|Any CPU
		{51450F53-D1BF-48D9-8281-C06B4779F482}.Release|Any CPU.ActiveCfg = Release|Any CPU
		{51450F53-D1BF-48D9-8281-C06B4779F482}.Release|Any CPU.Build.0 = Release|Any CPU
	EndGlobalSection
	GlobalSection(SolutionProperties) = preSolution
		HideSolutionNode = FALSE
	EndGlobalSection
	GlobalSection(ExtensibilityGlobals) = postSolution
		SolutionGuid = {4BB9091E-4D8A-4F2D-8114-FC731C7B1636}
	EndGlobalSection
EndGlobal
