
Microsoft Visual Studio Solution File, Format Version 12.00
# Visual Studio Version 16
VisualStudioVersion = 16.0.31402.337
MinimumVisualStudioVersion = 10.0.40219.1
Project("{FAE04EC0-301F-11D3-BF4B-00C04F79EFBC}") = "FunWithGenericCollection", "FunWithGenericCollection\FunWithGenericCollection.csproj", "{DF350534-BA4A-43FF-98B4-5F2FC9D35B23}"
EndProject
Global
	GlobalSection(SolutionConfigurationPlatforms) = preSolution
		Debug|Any CPU = Debug|Any CPU
		Release|Any CPU = Release|Any CPU
	EndGlobalSection
	GlobalSection(ProjectConfigurationPlatforms) = postSolution
		{DF350534-BA4A-43FF-98B4-5F2FC9D35B23}.Debug|Any CPU.ActiveCfg = Debug|Any CPU
		{DF350534-BA4A-43FF-98B4-5F2FC9D35B23}.Debug|Any CPU.Build.0 = Debug|Any CPU
		{DF350534-BA4A-43FF-98B4-5F2FC9D35B23}.Release|Any CPU.ActiveCfg = Release|Any CPU
		{DF350534-BA4A-43FF-98B4-5F2FC9D35B23}.Release|Any CPU.Build.0 = Release|Any CPU
	EndGlobalSection
	GlobalSection(SolutionProperties) = preSolution
		HideSolutionNode = FALSE
	EndGlobalSection
	GlobalSection(ExtensibilityGlobals) = postSolution
		SolutionGuid = {6689F41E-50AF-4DE5-A1FD-2BA63622C0A3}
	EndGlobalSection
EndGlobal
