
Microsoft Visual Studio Solution File, Format Version 12.00
# Visual Studio Version 16
VisualStudioVersion = 16.0.31402.337
MinimumVisualStudioVersion = 10.0.40219.1
Project("{FAE04EC0-301F-11D3-BF4B-00C04F79EFBC}") = "GenericDelegate", "GenericDelegate\GenericDelegate.csproj", "{C340012D-07E3-45DA-9848-3160B28C7AFE}"
EndProject
Global
	GlobalSection(SolutionConfigurationPlatforms) = preSolution
		Debug|Any CPU = Debug|Any CPU
		Release|Any CPU = Release|Any CPU
	EndGlobalSection
	GlobalSection(ProjectConfigurationPlatforms) = postSolution
		{C340012D-07E3-45DA-9848-3160B28C7AFE}.Debug|Any CPU.ActiveCfg = Debug|Any CPU
		{C340012D-07E3-45DA-9848-3160B28C7AFE}.Debug|Any CPU.Build.0 = Debug|Any CPU
		{C340012D-07E3-45DA-9848-3160B28C7AFE}.Release|Any CPU.ActiveCfg = Release|Any CPU
		{C340012D-07E3-45DA-9848-3160B28C7AFE}.Release|Any CPU.Build.0 = Release|Any CPU
	EndGlobalSection
	GlobalSection(SolutionProperties) = preSolution
		HideSolutionNode = FALSE
	EndGlobalSection
	GlobalSection(ExtensibilityGlobals) = postSolution
		SolutionGuid = {D06A4585-EF67-4781-B282-297EB51B4066}
	EndGlobalSection
EndGlobal
