
Microsoft Visual Studio Solution File, Format Version 12.00
# Visual Studio Version 17
VisualStudioVersion = 17.0.32014.148
MinimumVisualStudioVersion = 10.0.40219.1
Project("{FAE04EC0-301F-11D3-BF4B-00C04F79EFBC}") = "Profile", "Profile\Profile.csproj", "{2F6445D9-C6B4-4DCE-9775-C834E65B7F6F}"
EndProject
Global
	GlobalSection(SolutionConfigurationPlatforms) = preSolution
		Debug|Any CPU = Debug|Any CPU
		Release|Any CPU = Release|Any CPU
	EndGlobalSection
	GlobalSection(ProjectConfigurationPlatforms) = postSolution
		{2F6445D9-C6B4-4DCE-9775-C834E65B7F6F}.Debug|Any CPU.ActiveCfg = Debug|Any CPU
		{2F6445D9-C6B4-4DCE-9775-C834E65B7F6F}.Debug|Any CPU.Build.0 = Debug|Any CPU
		{2F6445D9-C6B4-4DCE-9775-C834E65B7F6F}.Release|Any CPU.ActiveCfg = Release|Any CPU
		{2F6445D9-C6B4-4DCE-9775-C834E65B7F6F}.Release|Any CPU.Build.0 = Release|Any CPU
	EndGlobalSection
	GlobalSection(SolutionProperties) = preSolution
		HideSolutionNode = FALSE
	EndGlobalSection
	GlobalSection(ExtensibilityGlobals) = postSolution
		SolutionGuid = {F91B17A2-99A0-4CF4-A2D7-30A464B819F8}
	EndGlobalSection
EndGlobal
