
Microsoft Visual Studio Solution File, Format Version 12.00
# Visual Studio Version 16
VisualStudioVersion = 16.0.31402.337
MinimumVisualStudioVersion = 10.0.40219.1
Project("{FAE04EC0-301F-11D3-BF4B-00C04F79EFBC}") = "MIInterfaceHierarchy", "MIInterfaceHierarchy\MIInterfaceHierarchy.csproj", "{13371331-76E8-49C5-B692-A0D8F11642B5}"
EndProject
Global
	GlobalSection(SolutionConfigurationPlatforms) = preSolution
		Debug|Any CPU = Debug|Any CPU
		Release|Any CPU = Release|Any CPU
	EndGlobalSection
	GlobalSection(ProjectConfigurationPlatforms) = postSolution
		{13371331-76E8-49C5-B692-A0D8F11642B5}.Debug|Any CPU.ActiveCfg = Debug|Any CPU
		{13371331-76E8-49C5-B692-A0D8F11642B5}.Debug|Any CPU.Build.0 = Debug|Any CPU
		{13371331-76E8-49C5-B692-A0D8F11642B5}.Release|Any CPU.ActiveCfg = Release|Any CPU
		{13371331-76E8-49C5-B692-A0D8F11642B5}.Release|Any CPU.Build.0 = Release|Any CPU
	EndGlobalSection
	GlobalSection(SolutionProperties) = preSolution
		HideSolutionNode = FALSE
	EndGlobalSection
	GlobalSection(ExtensibilityGlobals) = postSolution
		SolutionGuid = {F5315E4D-E3A6-48BC-94F4-B4814F57FA6A}
	EndGlobalSection
EndGlobal
