
Microsoft Visual Studio Solution File, Format Version 12.00
# Visual Studio Version 16
VisualStudioVersion = 16.0.31402.337
MinimumVisualStudioVersion = 10.0.40219.1
Project("{FAE04EC0-301F-11D3-BF4B-00C04F79EFBC}") = "IssuesWithNonGenericCollections", "IssuesWithNonGenericCollections\IssuesWithNonGenericCollections.csproj", "{660A001C-E6DF-4875-B583-7BC86B207302}"
EndProject
Global
	GlobalSection(SolutionConfigurationPlatforms) = preSolution
		Debug|Any CPU = Debug|Any CPU
		Release|Any CPU = Release|Any CPU
	EndGlobalSection
	GlobalSection(ProjectConfigurationPlatforms) = postSolution
		{660A001C-E6DF-4875-B583-7BC86B207302}.Debug|Any CPU.ActiveCfg = Debug|Any CPU
		{660A001C-E6DF-4875-B583-7BC86B207302}.Debug|Any CPU.Build.0 = Debug|Any CPU
		{660A001C-E6DF-4875-B583-7BC86B207302}.Release|Any CPU.ActiveCfg = Release|Any CPU
		{660A001C-E6DF-4875-B583-7BC86B207302}.Release|Any CPU.Build.0 = Release|Any CPU
	EndGlobalSection
	GlobalSection(SolutionProperties) = preSolution
		HideSolutionNode = FALSE
	EndGlobalSection
	GlobalSection(ExtensibilityGlobals) = postSolution
		SolutionGuid = {1AEE29A0-3467-48FD-9E01-046EAEC757DB}
	EndGlobalSection
EndGlobal
