
Microsoft Visual Studio Solution File, Format Version 12.00
# Visual Studio Version 16
VisualStudioVersion = 16.0.31402.337
MinimumVisualStudioVersion = 10.0.40219.1
Project("{FAE04EC0-301F-11D3-BF4B-00C04F79EFBC}") = "SimpleGC", "SimpleGC.csproj", "{C85C3D88-C76B-4743-A076-DB6FBD5D5724}"
EndProject
Global
	GlobalSection(SolutionConfigurationPlatforms) = preSolution
		Debug|Any CPU = Debug|Any CPU
		Release|Any CPU = Release|Any CPU
	EndGlobalSection
	GlobalSection(ProjectConfigurationPlatforms) = postSolution
		{C85C3D88-C76B-4743-A076-DB6FBD5D5724}.Debug|Any CPU.ActiveCfg = Debug|Any CPU
		{C85C3D88-C76B-4743-A076-DB6FBD5D5724}.Debug|Any CPU.Build.0 = Debug|Any CPU
		{C85C3D88-C76B-4743-A076-DB6FBD5D5724}.Release|Any CPU.ActiveCfg = Release|Any CPU
		{C85C3D88-C76B-4743-A076-DB6FBD5D5724}.Release|Any CPU.Build.0 = Release|Any CPU
	EndGlobalSection
	GlobalSection(SolutionProperties) = preSolution
		HideSolutionNode = FALSE
	EndGlobalSection
	GlobalSection(ExtensibilityGlobals) = postSolution
		SolutionGuid = {BCE1F29F-B577-4D8F-B0F8-5099DCF8C1C2}
	EndGlobalSection
EndGlobal
