
Microsoft Visual Studio Solution File, Format Version 12.00
# Visual Studio Version 16
VisualStudioVersion = 16.0.31205.134
MinimumVisualStudioVersion = 10.0.40219.1
Project("{FAE04EC0-301F-11D3-BF4B-00C04F79EFBC}") = "DataTypeFunctionality", "DataTypeFunctionality.csproj", "{46006756-1BE1-4FB8-A9A7-A6B055E89F38}"
EndProject
Global
	GlobalSection(SolutionConfigurationPlatforms) = preSolution
		Debug|Any CPU = Debug|Any CPU
		Release|Any CPU = Release|Any CPU
	EndGlobalSection
	GlobalSection(ProjectConfigurationPlatforms) = postSolution
		{46006756-1BE1-4FB8-A9A7-A6B055E89F38}.Debug|Any CPU.ActiveCfg = Debug|Any CPU
		{46006756-1BE1-4FB8-A9A7-A6B055E89F38}.Debug|Any CPU.Build.0 = Debug|Any CPU
		{46006756-1BE1-4FB8-A9A7-A6B055E89F38}.Release|Any CPU.ActiveCfg = Release|Any CPU
		{46006756-1BE1-4FB8-A9A7-A6B055E89F38}.Release|Any CPU.Build.0 = Release|Any CPU
	EndGlobalSection
	GlobalSection(SolutionProperties) = preSolution
		HideSolutionNode = FALSE
	EndGlobalSection
	GlobalSection(ExtensibilityGlobals) = postSolution
		SolutionGuid = {6B1096B3-CA92-4C4F-BE8E-2470D97B898D}
	EndGlobalSection
EndGlobal
