
Microsoft Visual Studio Solution File, Format Version 12.00
# Visual Studio Version 16
VisualStudioVersion = 16.0.31402.337
MinimumVisualStudioVersion = 10.0.40219.1
Project("{FAE04EC0-301F-11D3-BF4B-00C04F79EFBC}") = "AnonMethDemo", "AnonMethDemo.csproj", "{8916FE54-CC37-401F-9518-1A8C38A20C89}"
EndProject
Global
	GlobalSection(SolutionConfigurationPlatforms) = preSolution
		Debug|Any CPU = Debug|Any CPU
		Release|Any CPU = Release|Any CPU
	EndGlobalSection
	GlobalSection(ProjectConfigurationPlatforms) = postSolution
		{8916FE54-CC37-401F-9518-1A8C38A20C89}.Debug|Any CPU.ActiveCfg = Debug|Any CPU
		{8916FE54-CC37-401F-9518-1A8C38A20C89}.Debug|Any CPU.Build.0 = Debug|Any CPU
		{8916FE54-CC37-401F-9518-1A8C38A20C89}.Release|Any CPU.ActiveCfg = Release|Any CPU
		{8916FE54-CC37-401F-9518-1A8C38A20C89}.Release|Any CPU.Build.0 = Release|Any CPU
	EndGlobalSection
	GlobalSection(SolutionProperties) = preSolution
		HideSolutionNode = FALSE
	EndGlobalSection
	GlobalSection(ExtensibilityGlobals) = postSolution
		SolutionGuid = {133CDAD5-0593-4199-A494-CF485318590A}
	EndGlobalSection
EndGlobal
