
Microsoft Visual Studio Solution File, Format Version 12.00
# Visual Studio Version 16
VisualStudioVersion = 16.0.31402.337
MinimumVisualStudioVersion = 10.0.40219.1
Project("{FAE04EC0-301F-11D3-BF4B-00C04F79EFBC}") = "LazyObjectlnstantiation", "LazyObjectlnstantiation.csproj", "{4B332277-485A-4679-B013-76F12FFFC53D}"
EndProject
Global
	GlobalSection(SolutionConfigurationPlatforms) = preSolution
		Debug|Any CPU = Debug|Any CPU
		Release|Any CPU = Release|Any CPU
	EndGlobalSection
	GlobalSection(ProjectConfigurationPlatforms) = postSolution
		{4B332277-485A-4679-B013-76F12FFFC53D}.Debug|Any CPU.ActiveCfg = Debug|Any CPU
		{4B332277-485A-4679-B013-76F12FFFC53D}.Debug|Any CPU.Build.0 = Debug|Any CPU
		{4B332277-485A-4679-B013-76F12FFFC53D}.Release|Any CPU.ActiveCfg = Release|Any CPU
		{4B332277-485A-4679-B013-76F12FFFC53D}.Release|Any CPU.Build.0 = Release|Any CPU
	EndGlobalSection
	GlobalSection(SolutionProperties) = preSolution
		HideSolutionNode = FALSE
	EndGlobalSection
	GlobalSection(ExtensibilityGlobals) = postSolution
		SolutionGuid = {F5DA7B83-936D-462C-8372-ED363CD45337}
	EndGlobalSection
EndGlobal
