
Microsoft Visual Studio Solution File, Format Version 12.00
# Visual Studio Version 16
VisualStudioVersion = 16.0.31205.134
MinimumVisualStudioVersion = 10.0.40219.1
Project("{FAE04EC0-301F-11D3-BF4B-00C04F79EFBC}") = "FormatNumericalData", "FormatNumericalData.csproj", "{025F11AF-72F2-43DD-9BFF-24243B54E39D}"
EndProject
Global
	GlobalSection(SolutionConfigurationPlatforms) = preSolution
		Debug|Any CPU = Debug|Any CPU
		Release|Any CPU = Release|Any CPU
	EndGlobalSection
	GlobalSection(ProjectConfigurationPlatforms) = postSolution
		{025F11AF-72F2-43DD-9BFF-24243B54E39D}.Debug|Any CPU.ActiveCfg = Debug|Any CPU
		{025F11AF-72F2-43DD-9BFF-24243B54E39D}.Debug|Any CPU.Build.0 = Debug|Any CPU
		{025F11AF-72F2-43DD-9BFF-24243B54E39D}.Release|Any CPU.ActiveCfg = Release|Any CPU
		{025F11AF-72F2-43DD-9BFF-24243B54E39D}.Release|Any CPU.Build.0 = Release|Any CPU
	EndGlobalSection
	GlobalSection(SolutionProperties) = preSolution
		HideSolutionNode = FALSE
	EndGlobalSection
	GlobalSection(ExtensibilityGlobals) = postSolution
		SolutionGuid = {C075C3B8-C8B8-4435-82E7-CF465D3F16D0}
	EndGlobalSection
EndGlobal
