
Microsoft Visual Studio Solution File, Format Version 12.00
# Visual Studio Version 16
VisualStudioVersion = 16.0.31402.337
MinimumVisualStudioVersion = 10.0.40219.1
Project("{FAE04EC0-301F-11D3-BF4B-00C04F79EFBC}") = "RefTypeValtypeParams", "RefTypeValtypeParams\RefTypeValtypeParams.csproj", "{D2C0A75E-0CF9-4E1D-9691-F99C62513F0C}"
EndProject
Global
	GlobalSection(SolutionConfigurationPlatforms) = preSolution
		Debug|Any CPU = Debug|Any CPU
		Release|Any CPU = Release|Any CPU
	EndGlobalSection
	GlobalSection(ProjectConfigurationPlatforms) = postSolution
		{D2C0A75E-0CF9-4E1D-9691-F99C62513F0C}.Debug|Any CPU.ActiveCfg = Debug|Any CPU
		{D2C0A75E-0CF9-4E1D-9691-F99C62513F0C}.Debug|Any CPU.Build.0 = Debug|Any CPU
		{D2C0A75E-0CF9-4E1D-9691-F99C62513F0C}.Release|Any CPU.ActiveCfg = Release|Any CPU
		{D2C0A75E-0CF9-4E1D-9691-F99C62513F0C}.Release|Any CPU.Build.0 = Release|Any CPU
	EndGlobalSection
	GlobalSection(SolutionProperties) = preSolution
		HideSolutionNode = FALSE
	EndGlobalSection
	GlobalSection(ExtensibilityGlobals) = postSolution
		SolutionGuid = {E41CE378-74DB-4682-AC13-6B9D09386836}
	EndGlobalSection
EndGlobal
