
Microsoft Visual Studio Solution File, Format Version 12.00
# Visual Studio Version 16
VisualStudioVersion = 16.0.31229.75
MinimumVisualStudioVersion = 10.0.40219.1
Project("{FAE04EC0-301F-11D3-BF4B-00C04F79EFBC}") = "NullableData", "NullableData.csproj", "{FCB05523-C39A-4051-896A-ABD09E4EF79E}"
EndProject
Global
	GlobalSection(SolutionConfigurationPlatforms) = preSolution
		Debug|Any CPU = Debug|Any CPU
		Release|Any CPU = Release|Any CPU
	EndGlobalSection
	GlobalSection(ProjectConfigurationPlatforms) = postSolution
		{FCB05523-C39A-4051-896A-ABD09E4EF79E}.Debug|Any CPU.ActiveCfg = Debug|Any CPU
		{FCB05523-C39A-4051-896A-ABD09E4EF79E}.Debug|Any CPU.Build.0 = Debug|Any CPU
		{FCB05523-C39A-4051-896A-ABD09E4EF79E}.Release|Any CPU.ActiveCfg = Release|Any CPU
		{FCB05523-C39A-4051-896A-ABD09E4EF79E}.Release|Any CPU.Build.0 = Release|Any CPU
	EndGlobalSection
	GlobalSection(SolutionProperties) = preSolution
		HideSolutionNode = FALSE
	EndGlobalSection
	GlobalSection(ExtensibilityGlobals) = postSolution
		SolutionGuid = {81064F1C-C0BB-4AB6-B375-3F241A804A08}
	EndGlobalSection
EndGlobal
