
Microsoft Visual Studio Solution File, Format Version 12.00
# Visual Studio Version 16
VisualStudioVersion = 16.0.31402.337
MinimumVisualStudioVersion = 10.0.40219.1
Project("{FAE04EC0-301F-11D3-BF4B-00C04F79EFBC}") = "VarCapture", "VarCapture.csproj", "{6F648D4F-EC39-4AFD-972C-BF85FFAAEF34}"
EndProject
Global
	GlobalSection(SolutionConfigurationPlatforms) = preSolution
		Debug|Any CPU = Debug|Any CPU
		Release|Any CPU = Release|Any CPU
	EndGlobalSection
	GlobalSection(ProjectConfigurationPlatforms) = postSolution
		{6F648D4F-EC39-4AFD-972C-BF85FFAAEF34}.Debug|Any CPU.ActiveCfg = Debug|Any CPU
		{6F648D4F-EC39-4AFD-972C-BF85FFAAEF34}.Debug|Any CPU.Build.0 = Debug|Any CPU
		{6F648D4F-EC39-4AFD-972C-BF85FFAAEF34}.Release|Any CPU.ActiveCfg = Release|Any CPU
		{6F648D4F-EC39-4AFD-972C-BF85FFAAEF34}.Release|Any CPU.Build.0 = Release|Any CPU
	EndGlobalSection
	GlobalSection(SolutionProperties) = preSolution
		HideSolutionNode = FALSE
	EndGlobalSection
	GlobalSection(ExtensibilityGlobals) = postSolution
		SolutionGuid = {F2333EA9-D74E-433E-90C3-9F8D3F3E4848}
	EndGlobalSection
EndGlobal
