
Microsoft Visual Studio Solution File, Format Version 12.00
# Visual Studio Version 17
VisualStudioVersion = 17.0.32014.148
MinimumVisualStudioVersion = 10.0.40219.1
Project("{FAE04EC0-301F-11D3-BF4B-00C04F79EFBC}") = "FibonacciNum", "FibonacciNum\FibonacciNum.csproj", "{3FE65D58-F210-4F1B-9BE3-73A990E69967}"
EndProject
Global
	GlobalSection(SolutionConfigurationPlatforms) = preSolution
		Debug|Any CPU = Debug|Any CPU
		Release|Any CPU = Release|Any CPU
	EndGlobalSection
	GlobalSection(ProjectConfigurationPlatforms) = postSolution
		{3FE65D58-F210-4F1B-9BE3-73A990E69967}.Debug|Any CPU.ActiveCfg = Debug|Any CPU
		{3FE65D58-F210-4F1B-9BE3-73A990E69967}.Debug|Any CPU.Build.0 = Debug|Any CPU
		{3FE65D58-F210-4F1B-9BE3-73A990E69967}.Release|Any CPU.ActiveCfg = Release|Any CPU
		{3FE65D58-F210-4F1B-9BE3-73A990E69967}.Release|Any CPU.Build.0 = Release|Any CPU
	EndGlobalSection
	GlobalSection(SolutionProperties) = preSolution
		HideSolutionNode = FALSE
	EndGlobalSection
	GlobalSection(ExtensibilityGlobals) = postSolution
		SolutionGuid = {EB84004A-90AE-446D-9847-11FB62F17BE7}
	EndGlobalSection
EndGlobal
